
Microsoft Visual Studio Solution File, Format Version 12.00
# Visual Studio 15
VisualStudioVersion = 15.0.28307.106
MinimumVisualStudioVersion = 10.0.40219.1
Project("{FAE04EC0-301F-11D3-BF4B-00C04F79EFBC}") = "TravelRecordApp.Android", "TravelRecordApp\TravelRecordApp.Android\TravelRecordApp.Android.csproj", "{17709C9A-0A29-4E9D-BD61-E5FA58A4CEDE}"
EndProject
Project("{FAE04EC0-301F-11D3-BF4B-00C04F79EFBC}") = "TravelRecordApp.iOS", "TravelRecordApp\TravelRecordApp.iOS\TravelRecordApp.iOS.csproj", "{5E6CB4A8-67C2-4418-ABF1-8704E8A13E3E}"
EndProject
Project("{FAE04EC0-301F-11D3-BF4B-00C04F79EFBC}") = "TravelRecordApp", "TravelRecordApp\TravelRecordApp\TravelRecordApp.csproj", "{20C6562E-5E92-4CFB-B9ED-814EA6F7D909}"
EndProject
Global
	GlobalSection(SolutionConfigurationPlatforms) = preSolution
		Ad-Hoc|Any CPU = Ad-Hoc|Any CPU
		Ad-Hoc|iPhone = Ad-Hoc|iPhone
		Ad-Hoc|iPhoneSimulator = Ad-Hoc|iPhoneSimulator
		AppStore|Any CPU = AppStore|Any CPU
		AppStore|iPhone = AppStore|iPhone
		AppStore|iPhoneSimulator = AppStore|iPhoneSimulator
		Debug|Any CPU = Debug|Any CPU
		Debug|iPhone = Debug|iPhone
		Debug|iPhoneSimulator = Debug|iPhoneSimulator
		Release|Any CPU = Release|Any CPU
		Release|iPhone = Release|iPhone
		Release|iPhoneSimulator = Release|iPhoneSimulator
	EndGlobalSection
	GlobalSection(ProjectConfigurationPlatforms) = postSolution
		{17709C9A-0A29-4E9D-BD61-E5FA58A4CEDE}.Ad-Hoc|Any CPU.ActiveCfg = Release|Any CPU
		{17709C9A-0A29-4E9D-BD61-E5FA58A4CEDE}.Ad-Hoc|Any CPU.Build.0 = Release|Any CPU
		{17709C9A-0A29-4E9D-BD61-E5FA58A4CEDE}.Ad-Hoc|Any CPU.Deploy.0 = Release|Any CPU
		{17709C9A-0A29-4E9D-BD61-E5FA58A4CEDE}.Ad-Hoc|iPhone.ActiveCfg = Release|Any CPU
		{17709C9A-0A29-4E9D-BD61-E5FA58A4CEDE}.Ad-Hoc|iPhone.Build.0 = Release|Any CPU
		{17709C9A-0A29-4E9D-BD61-E5FA58A4CEDE}.Ad-Hoc|iPhone.Deploy.0 = Release|Any CPU
		{17709C9A-0A29-4E9D-BD61-E5FA58A4CEDE}.Ad-Hoc|iPhoneSimulator.ActiveCfg = Release|Any CPU
		{17709C9A-0A29-4E9D-BD61-E5FA58A4CEDE}.Ad-Hoc|iPhoneSimulator.Build.0 = Release|Any CPU
		{17709C9A-0A29-4E9D-BD61-E5FA58A4CEDE}.Ad-Hoc|iPhoneSimulator.Deploy.0 = Release|Any CPU
		{17709C9A-0A29-4E9D-BD61-E5FA58A4CEDE}.AppStore|Any CPU.ActiveCfg = Release|Any CPU
		{17709C9A-0A29-4E9D-BD61-E5FA58A4CEDE}.AppStore|Any CPU.Build.0 = Release|Any CPU
		{17709C9A-0A29-4E9D-BD61-E5FA58A4CEDE}.AppStore|Any CPU.Deploy.0 = Release|Any CPU
		{17709C9A-0A29-4E9D-BD61-E5FA58A4CEDE}.AppStore|iPhone.ActiveCfg = Release|Any CPU
		{17709C9A-0A29-4E9D-BD61-E5FA58A4CEDE}.AppStore|iPhone.Build.0 = Release|Any CPU
		{17709C9A-0A29-4E9D-BD61-E5FA58A4CEDE}.AppStore|iPhone.Deploy.0 = Release|Any CPU
		{17709C9A-0A29-4E9D-BD61-E5FA58A4CEDE}.AppStore|iPhoneSimulator.ActiveCfg = Release|Any CPU
		{17709C9A-0A29-4E9D-BD61-E5FA58A4CEDE}.AppStore|iPhoneSimulator.Build.0 = Release|Any CPU
		{17709C9A-0A29-4E9D-BD61-E5FA58A4CEDE}.AppStore|iPhoneSimulator.Deploy.0 = Release|Any CPU
		{17709C9A-0A29-4E9D-BD61-E5FA58A4CEDE}.Debug|Any CPU.ActiveCfg = Debug|Any CPU
		{17709C9A-0A29-4E9D-BD61-E5FA58A4CEDE}.Debug|Any CPU.Build.0 = Debug|Any CPU
		{17709C9A-0A29-4E9D-BD61-E5FA58A4CEDE}.Debug|Any CPU.Deploy.0 = Debug|Any CPU
		{17709C9A-0A29-4E9D-BD61-E5FA58A4CEDE}.Debug|iPhone.ActiveCfg = Debug|Any CPU
		{17709C9A-0A29-4E9D-BD61-E5FA58A4CEDE}.Debug|iPhone.Build.0 = Debug|Any CPU
		{17709C9A-0A29-4E9D-BD61-E5FA58A4CEDE}.Debug|iPhone.Deploy.0 = Debug|Any CPU
		{17709C9A-0A29-4E9D-BD61-E5FA58A4CEDE}.Debug|iPhoneSimulator.ActiveCfg = Debug|Any CPU
		{17709C9A-0A29-4E9D-BD61-E5FA58A4CEDE}.Debug|iPhoneSimulator.Build.0 = Debug|Any CPU
		{17709C9A-0A29-4E9D-BD61-E5FA58A4CEDE}.Debug|iPhoneSimulator.Deploy.0 = Debug|Any CPU
		{17709C9A-0A29-4E9D-BD61-E5FA58A4CEDE}.Release|Any CPU.ActiveCfg = Release|Any CPU
		{17709C9A-0A29-4E9D-BD61-E5FA58A4CEDE}.Release|Any CPU.Build.0 = Release|Any CPU
		{17709C9A-0A29-4E9D-BD61-E5FA58A4CEDE}.Release|Any CPU.Deploy.0 = Release|Any CPU
		{17709C9A-0A29-4E9D-BD61-E5FA58A4CEDE}.Release|iPhone.ActiveCfg = Release|Any CPU
		{17709C9A-0A29-4E9D-BD61-E5FA58A4CEDE}.Release|iPhone.Build.0 = Release|Any CPU
		{17709C9A-0A29-4E9D-BD61-E5FA58A4CEDE}.Release|iPhone.Deploy.0 = Release|Any CPU
		{17709C9A-0A29-4E9D-BD61-E5FA58A4CEDE}.Release|iPhoneSimulator.ActiveCfg = Release|Any CPU
		{17709C9A-0A29-4E9D-BD61-E5FA58A4CEDE}.Release|iPhoneSimulator.Build.0 = Release|Any CPU
		{17709C9A-0A29-4E9D-BD61-E5FA58A4CEDE}.Release|iPhoneSimulator.Deploy.0 = Release|Any CPU
		{5E6CB4A8-67C2-4418-ABF1-8704E8A13E3E}.Ad-Hoc|Any CPU.ActiveCfg = Ad-Hoc|iPhone
		{5E6CB4A8-67C2-4418-ABF1-8704E8A13E3E}.Ad-Hoc|Any CPU.Build.0 = Ad-Hoc|iPhone
		{5E6CB4A8-67C2-4418-ABF1-8704E8A13E3E}.Ad-Hoc|Any CPU.Deploy.0 = Ad-Hoc|iPhone
		{5E6CB4A8-67C2-4418-ABF1-8704E8A13E3E}.Ad-Hoc|iPhone.ActiveCfg = Ad-Hoc|iPhone
		{5E6CB4A8-67C2-4418-ABF1-8704E8A13E3E}.Ad-Hoc|iPhone.Build.0 = Ad-Hoc|iPhone
		{5E6CB4A8-67C2-4418-ABF1-8704E8A13E3E}.Ad-Hoc|iPhone.Deploy.0 = Ad-Hoc|iPhone
		{5E6CB4A8-67C2-4418-ABF1-8704E8A13E3E}.Ad-Hoc|iPhoneSimulator.ActiveCfg = Ad-Hoc|iPhoneSimulator
		{5E6CB4A8-67C2-4418-ABF1-8704E8A13E3E}.Ad-Hoc|iPhoneSimulator.Build.0 = Ad-Hoc|iPhoneSimulator
		{5E6CB4A8-67C2-4418-ABF1-8704E8A13E3E}.Ad-Hoc|iPhoneSimulator.Deploy.0 = Ad-Hoc|iPhoneSimulator
		{5E6CB4A8-67C2-4418-ABF1-8704E8A13E3E}.AppStore|Any CPU.ActiveCfg = AppStore|iPhone
		{5E6CB4A8-67C2-4418-ABF1-8704E8A13E3E}.AppStore|Any CPU.Build.0 = AppStore|iPhone
		{5E6CB4A8-67C2-4418-ABF1-8704E8A13E3E}.AppStore|Any CPU.Deploy.0 = AppStore|iPhone
		{5E6CB4A8-67C2-4418-ABF1-8704E8A13E3E}.AppStore|iPhone.ActiveCfg = AppStore|iPhone
		{5E6CB4A8-67C2-4418-ABF1-8704E8A13E3E}.AppStore|iPhone.Build.0 = AppStore|iPhone
		{5E6CB4A8-67C2-4418-ABF1-8704E8A13E3E}.AppStore|iPhone.Deploy.0 = AppStore|iPhone
		{5E6CB4A8-67C2-4418-ABF1-8704E8A13E3E}.AppStore|iPhoneSimulator.ActiveCfg = AppStore|iPhoneSimulator
		{5E6CB4A8-67C2-4418-ABF1-8704E8A13E3E}.AppStore|iPhoneSimulator.Build.0 = AppStore|iPhoneSimulator
		{5E6CB4A8-67C2-4418-ABF1-8704E8A13E3E}.AppStore|iPhoneSimulator.Deploy.0 = AppStore|iPhoneSimulator
		{5E6CB4A8-67C2-4418-ABF1-8704E8A13E3E}.Debug|Any CPU.ActiveCfg = Debug|iPhoneSimulator
		{5E6CB4A8-67C2-4418-ABF1-8704E8A13E3E}.Debug|Any CPU.Build.0 = Debug|iPhoneSimulator
		{5E6CB4A8-67C2-4418-ABF1-8704E8A13E3E}.Debug|Any CPU.Deploy.0 = Debug|iPhoneSimulator
		{5E6CB4A8-67C2-4418-ABF1-8704E8A13E3E}.Debug|iPhone.ActiveCfg = Debug|iPhone
		{5E6CB4A8-67C2-4418-ABF1-8704E8A13E3E}.Debug|iPhone.Build.0 = Debug|iPhone
		{5E6CB4A8-67C2-4418-ABF1-8704E8A13E3E}.Debug|iPhone.Deploy.0 = Debug|iPhone
		{5E6CB4A8-67C2-4418-ABF1-8704E8A13E3E}.Debug|iPhoneSimulator.ActiveCfg = Debug|iPhoneSimulator
		{5E6CB4A8-67C2-4418-ABF1-8704E8A13E3E}.Debug|iPhoneSimulator.Build.0 = Debug|iPhoneSimulator
		{5E6CB4A8-67C2-4418-ABF1-8704E8A13E3E}.Debug|iPhoneSimulator.Deploy.0 = Debug|iPhoneSimulator
		{5E6CB4A8-67C2-4418-ABF1-8704E8A13E3E}.Release|Any CPU.ActiveCfg = Release|iPhone
		{5E6CB4A8-67C2-4418-ABF1-8704E8A13E3E}.Release|Any CPU.Build.0 = Release|iPhone
		{5E6CB4A8-67C2-4418-ABF1-8704E8A13E3E}.Release|Any CPU.Deploy.0 = Release|iPhone
		{5E6CB4A8-67C2-4418-ABF1-8704E8A13E3E}.Release|iPhone.ActiveCfg = Release|iPhone
		{5E6CB4A8-67C2-4418-ABF1-8704E8A13E3E}.Release|iPhone.Build.0 = Release|iPhone
		{5E6CB4A8-67C2-4418-ABF1-8704E8A13E3E}.Release|iPhone.Deploy.0 = Release|iPhone
		{5E6CB4A8-67C2-4418-ABF1-8704E8A13E3E}.Release|iPhoneSimulator.ActiveCfg = Release|iPhoneSimulator
		{5E6CB4A8-67C2-4418-ABF1-8704E8A13E3E}.Release|iPhoneSimulator.Build.0 = Release|iPhoneSimulator
		{5E6CB4A8-67C2-4418-ABF1-8704E8A13E3E}.Release|iPhoneSimulator.Deploy.0 = Release|iPhoneSimulator
		{20C6562E-5E92-4CFB-B9ED-814EA6F7D909}.Ad-Hoc|Any CPU.ActiveCfg = Debug|Any CPU
		{20C6562E-5E92-4CFB-B9ED-814EA6F7D909}.Ad-Hoc|Any CPU.Build.0 = Debug|Any CPU
		{20C6562E-5E92-4CFB-B9ED-814EA6F7D909}.Ad-Hoc|Any CPU.Deploy.0 = Debug|Any CPU
		{20C6562E-5E92-4CFB-B9ED-814EA6F7D909}.Ad-Hoc|iPhone.ActiveCfg = Debug|Any CPU
		{20C6562E-5E92-4CFB-B9ED-814EA6F7D909}.Ad-Hoc|iPhone.Build.0 = Debug|Any CPU
		{20C6562E-5E92-4CFB-B9ED-814EA6F7D909}.Ad-Hoc|iPhone.Deploy.0 = Debug|Any CPU
		{20C6562E-5E92-4CFB-B9ED-814EA6F7D909}.Ad-Hoc|iPhoneSimulator.ActiveCfg = Debug|Any CPU
		{20C6562E-5E92-4CFB-B9ED-814EA6F7D909}.Ad-Hoc|iPhoneSimulator.Build.0 = Debug|Any CPU
		{20C6562E-5E92-4CFB-B9ED-814EA6F7D909}.Ad-Hoc|iPhoneSimulator.Deploy.0 = Debug|Any CPU
		{20C6562E-5E92-4CFB-B9ED-814EA6F7D909}.AppStore|Any CPU.ActiveCfg = Debug|Any CPU
		{20C6562E-5E92-4CFB-B9ED-814EA6F7D909}.AppStore|Any CPU.Build.0 = Debug|Any CPU
		{20C6562E-5E92-4CFB-B9ED-814EA6F7D909}.AppStore|Any CPU.Deploy.0 = Debug|Any CPU
		{20C6562E-5E92-4CFB-B9ED-814EA6F7D909}.AppStore|iPhone.ActiveCfg = Debug|Any CPU
		{20C6562E-5E92-4CFB-B9ED-814EA6F7D909}.AppStore|iPhone.Build.0 = Debug|Any CPU
		{20C6562E-5E92-4CFB-B9ED-814EA6F7D909}.AppStore|iPhone.Deploy.0 = Debug|Any CPU
		{20C6562E-5E92-4CFB-B9ED-814EA6F7D909}.AppStore|iPhoneSimulator.ActiveCfg = Debug|Any CPU
		{20C6562E-5E92-4CFB-B9ED-814EA6F7D909}.AppStore|iPhoneSimulator.Build.0 = Debug|Any CPU
		{20C6562E-5E92-4CFB-B9ED-814EA6F7D909}.AppStore|iPhoneSimulator.Deploy.0 = Debug|Any CPU
		{20C6562E-5E92-4CFB-B9ED-814EA6F7D909}.Debug|Any CPU.ActiveCfg = Debug|Any CPU
		{20C6562E-5E92-4CFB-B9ED-814EA6F7D909}.Debug|Any CPU.Build.0 = Debug|Any CPU
		{20C6562E-5E92-4CFB-B9ED-814EA6F7D909}.Debug|Any CPU.Deploy.0 = Debug|Any CPU
		{20C6562E-5E92-4CFB-B9ED-814EA6F7D909}.Debug|iPhone.ActiveCfg = Debug|Any CPU
		{20C6562E-5E92-4CFB-B9ED-814EA6F7D909}.Debug|iPhone.Build.0 = Debug|Any CPU
		{20C6562E-5E92-4CFB-B9ED-814EA6F7D909}.Debug|iPhone.Deploy.0 = Debug|Any CPU
		{20C6562E-5E92-4CFB-B9ED-814EA6F7D909}.Debug|iPhoneSimulator.ActiveCfg = Debug|Any CPU
		{20C6562E-5E92-4CFB-B9ED-814EA6F7D909}.Debug|iPhoneSimulator.Build.0 = Debug|Any CPU
		{20C6562E-5E92-4CFB-B9ED-814EA6F7D909}.Debug|iPhoneSimulator.Deploy.0 = Debug|Any CPU
		{20C6562E-5E92-4CFB-B9ED-814EA6F7D909}.Release|Any CPU.ActiveCfg = Release|Any CPU
		{20C6562E-5E92-4CFB-B9ED-814EA6F7D909}.Release|Any CPU.Build.0 = Release|Any CPU
		{20C6562E-5E92-4CFB-B9ED-814EA6F7D909}.Release|Any CPU.Deploy.0 = Release|Any CPU
		{20C6562E-5E92-4CFB-B9ED-814EA6F7D909}.Release|iPhone.ActiveCfg = Release|Any CPU
		{20C6562E-5E92-4CFB-B9ED-814EA6F7D909}.Release|iPhone.Build.0 = Release|Any CPU
		{20C6562E-5E92-4CFB-B9ED-814EA6F7D909}.Release|iPhone.Deploy.0 = Release|Any CPU
		{20C6562E-5E92-4CFB-B9ED-814EA6F7D909}.Release|iPhoneSimulator.ActiveCfg = Release|Any CPU
		{20C6562E-5E92-4CFB-B9ED-814EA6F7D909}.Release|iPhoneSimulator.Build.0 = Release|Any CPU
		{20C6562E-5E92-4CFB-B9ED-814EA6F7D909}.Release|iPhoneSimulator.Deploy.0 = Release|Any CPU
	EndGlobalSection
	GlobalSection(SolutionProperties) = preSolution
		HideSolutionNode = FALSE
	EndGlobalSection
	GlobalSection(ExtensibilityGlobals) = postSolution
		SolutionGuid = {1EB5E657-7CE2-4B7A-9AF5-01C1BD87AE97}
	EndGlobalSection
EndGlobal
